
Microsoft Visual Studio Solution File, Format Version 12.00
# Visual Studio Version 17
VisualStudioVersion = 17.0.31919.166
MinimumVisualStudioVersion = 10.0.40219.1
Project("{9A19103F-16F7-4668-BE54-9A1E7A4F7556}") = "MCOP", "MCOP.csproj", "{7FA0660F-6E01-40ED-A576-B1E7177D37CA}"
EndProject
Project("{FAE04EC0-301F-11D3-BF4B-00C04F79EFBC}") = "MCOP API", "..\MCOP API\MCOP API.csproj", "{C74DF370-BEE2-47AF-BD19-0755799E496B}"
EndProject
Global
	GlobalSection(SolutionConfigurationPlatforms) = preSolution
		Debug|Any CPU = Debug|Any CPU
		Release|Any CPU = Release|Any CPU
	EndGlobalSection
	GlobalSection(ProjectConfigurationPlatforms) = postSolution
		{7FA0660F-6E01-40ED-A576-B1E7177D37CA}.Debug|Any CPU.ActiveCfg = Debug|Any CPU
		{7FA0660F-6E01-40ED-A576-B1E7177D37CA}.Debug|Any CPU.Build.0 = Debug|Any CPU
		{7FA0660F-6E01-40ED-A576-B1E7177D37CA}.Release|Any CPU.ActiveCfg = Release|Any CPU
		{7FA0660F-6E01-40ED-A576-B1E7177D37CA}.Release|Any CPU.Build.0 = Release|Any CPU
		{C74DF370-BEE2-47AF-BD19-0755799E496B}.Debug|Any CPU.ActiveCfg = Debug|Any CPU
		{C74DF370-BEE2-47AF-BD19-0755799E496B}.Debug|Any CPU.Build.0 = Debug|Any CPU
		{C74DF370-BEE2-47AF-BD19-0755799E496B}.Release|Any CPU.ActiveCfg = Release|Any CPU
		{C74DF370-BEE2-47AF-BD19-0755799E496B}.Release|Any CPU.Build.0 = Release|Any CPU
	EndGlobalSection
	GlobalSection(SolutionProperties) = preSolution
		HideSolutionNode = FALSE
	EndGlobalSection
	GlobalSection(ExtensibilityGlobals) = postSolution
		SolutionGuid = {A9C63AD5-455B-47E5-9695-A13BEC54AA35}
	EndGlobalSection
EndGlobal
